// !$*UTF8*$!
{
	archiveVersion = 1;
	classes = {
	};
	objectVersion = 50;
	objects = {

/* Begin PBXBuildFile section */
		1C51379C215A39B10079E404 /* PhoneContactsManager.swift in Sources */ = {isa = PBXBuildFile; fileRef = 1C51379B215A39B10079E404 /* PhoneContactsManager.swift */; };
		1C5137A0215A3C900079E404 /* ContactTableViewCell.swift in Sources */ = {isa = PBXBuildFile; fileRef = 1C51379E215A3C900079E404 /* ContactTableViewCell.swift */; };
		1C5137A1215A3C900079E404 /* ContactTableViewCell.xib in Resources */ = {isa = PBXBuildFile; fileRef = 1C51379F215A3C900079E404 /* ContactTableViewCell.xib */; };
		48B9F8C12158DA8100E2F13C /* AppDelegate.swift in Sources */ = {isa = PBXBuildFile; fileRef = 48B9F8C02158DA8100E2F13C /* AppDelegate.swift */; };
		48B9F8C32158DA8100E2F13C /* ViewController.swift in Sources */ = {isa = PBXBuildFile; fileRef = 48B9F8C22158DA8100E2F13C /* ViewController.swift */; };
		48B9F8C62158DA8100E2F13C /* Main.storyboard in Resources */ = {isa = PBXBuildFile; fileRef = 48B9F8C42158DA8100E2F13C /* Main.storyboard */; };
		48B9F8C82158DA8300E2F13C /* Assets.xcassets in Resources */ = {isa = PBXBuildFile; fileRef = 48B9F8C72158DA8300E2F13C /* Assets.xcassets */; };
		48B9F8CB2158DA8300E2F13C /* LaunchScreen.storyboard in Resources */ = {isa = PBXBuildFile; fileRef = 48B9F8C92158DA8300E2F13C /* LaunchScreen.storyboard */; };
		48B9F8D32158DE7400E2F13C /* Result.swift in Sources */ = {isa = PBXBuildFile; fileRef = 48B9F8D22158DE7400E2F13C /* Result.swift */; };
		48B9F8D52158E1CF00E2F13C /* Contact.swift in Sources */ = {isa = PBXBuildFile; fileRef = 48B9F8D42158E1CF00E2F13C /* Contact.swift */; };
		48B9F8D82158F03600E2F13C /* CloudKit.framework in Frameworks */ = {isa = PBXBuildFile; fileRef = 48B9F8D72158F03600E2F13C /* CloudKit.framework */; };
		B919F8B22CE64155A16B54E7 /* Pods_CloudKitTest.framework in Frameworks */ = {isa = PBXBuildFile; fileRef = 5C18A948B3B9C5EB7F7F5AF1 /* Pods_CloudKitTest.framework */; };
/* End PBXBuildFile section */

/* Begin PBXFileReference section */
		0AF1E37F9AADC0BC7F44E682 /* Pods-CloudKitTest.debug.xcconfig */ = {isa = PBXFileReference; includeInIndex = 1; lastKnownFileType = text.xcconfig; name = "Pods-CloudKitTest.debug.xcconfig"; path = "Pods/Target Support Files/Pods-CloudKitTest/Pods-CloudKitTest.debug.xcconfig"; sourceTree = "<group>"; };
		1C51379B215A39B10079E404 /* PhoneContactsManager.swift */ = {isa = PBXFileReference; lastKnownFileType = sourcecode.swift; path = PhoneContactsManager.swift; sourceTree = "<group>"; };
		1C51379E215A3C900079E404 /* ContactTableViewCell.swift */ = {isa = PBXFileReference; lastKnownFileType = sourcecode.swift; path = ContactTableViewCell.swift; sourceTree = "<group>"; };
		1C51379F215A3C900079E404 /* ContactTableViewCell.xib */ = {isa = PBXFileReference; lastKnownFileType = file.xib; path = ContactTableViewCell.xib; sourceTree = "<group>"; };
		48B9F8BD2158DA8100E2F13C /* CloudKitTest.app */ = {isa = PBXFileReference; explicitFileType = wrapper.application; includeInIndex = 0; path = CloudKitTest.app; sourceTree = BUILT_PRODUCTS_DIR; };
		48B9F8C02158DA8100E2F13C /* AppDelegate.swift */ = {isa = PBXFileReference; lastKnownFileType = sourcecode.swift; path = AppDelegate.swift; sourceTree = "<group>"; };
		48B9F8C22158DA8100E2F13C /* ViewController.swift */ = {isa = PBXFileReference; lastKnownFileType = sourcecode.swift; path = ViewController.swift; sourceTree = "<group>"; };
		48B9F8C52158DA8100E2F13C /* Base */ = {isa = PBXFileReference; lastKnownFileType = file.storyboard; name = Base; path = Base.lproj/Main.storyboard; sourceTree = "<group>"; };
		48B9F8C72158DA8300E2F13C /* Assets.xcassets */ = {isa = PBXFileReference; lastKnownFileType = folder.assetcatalog; path = Assets.xcassets; sourceTree = "<group>"; };
		48B9F8CA2158DA8300E2F13C /* Base */ = {isa = PBXFileReference; lastKnownFileType = file.storyboard; name = Base; path = Base.lproj/LaunchScreen.storyboard; sourceTree = "<group>"; };
		48B9F8CC2158DA8300E2F13C /* Info.plist */ = {isa = PBXFileReference; lastKnownFileType = text.plist.xml; path = Info.plist; sourceTree = "<group>"; };
		48B9F8D22158DE7400E2F13C /* Result.swift */ = {isa = PBXFileReference; lastKnownFileType = sourcecode.swift; path = Result.swift; sourceTree = "<group>"; };
		48B9F8D42158E1CF00E2F13C /* Contact.swift */ = {isa = PBXFileReference; lastKnownFileType = sourcecode.swift; path = Contact.swift; sourceTree = "<group>"; };
		48B9F8D62158F03300E2F13C /* CloudKitTest.entitlements */ = {isa = PBXFileReference; lastKnownFileType = text.plist.entitlements; path = CloudKitTest.entitlements; sourceTree = "<group>"; };
		48B9F8D72158F03600E2F13C /* CloudKit.framework */ = {isa = PBXFileReference; lastKnownFileType = wrapper.framework; name = CloudKit.framework; path = System/Library/Frameworks/CloudKit.framework; sourceTree = SDKROOT; };
		5C18A948B3B9C5EB7F7F5AF1 /* Pods_CloudKitTest.framework */ = {isa = PBXFileReference; explicitFileType = wrapper.framework; includeInIndex = 0; path = Pods_CloudKitTest.framework; sourceTree = BUILT_PRODUCTS_DIR; };
		C9DAAFDEA23EAD6559A9C185 /* Pods-CloudKitTest.release.xcconfig */ = {isa = PBXFileReference; includeInIndex = 1; lastKnownFileType = text.xcconfig; name = "Pods-CloudKitTest.release.xcconfig"; path = "Pods/Target Support Files/Pods-CloudKitTest/Pods-CloudKitTest.release.xcconfig"; sourceTree = "<group>"; };
/* End PBXFileReference section */

/* Begin PBXFrameworksBuildPhase section */
		48B9F8BA2158DA8100E2F13C /* Frameworks */ = {
			isa = PBXFrameworksBuildPhase;
			buildActionMask = 2147483647;
			files = (
				B919F8B22CE64155A16B54E7 /* Pods_CloudKitTest.framework in Frameworks */,
				48B9F8D82158F03600E2F13C /* CloudKit.framework in Frameworks */,
			);
			runOnlyForDeploymentPostprocessing = 0;
		};
/* End PBXFrameworksBuildPhase section */

/* Begin PBXGroup section */
		1A2706506967A5C145BCFBB6 /* Pods */ = {
			isa = PBXGroup;
			children = (
				0AF1E37F9AADC0BC7F44E682 /* Pods-CloudKitTest.debug.xcconfig */,
				C9DAAFDEA23EAD6559A9C185 /* Pods-CloudKitTest.release.xcconfig */,
			);
			name = Pods;
			sourceTree = "<group>";
		};
		1C51379D215A3C740079E404 /* ContactCell */ = {
			isa = PBXGroup;
			children = (
				1C51379E215A3C900079E404 /* ContactTableViewCell.swift */,
				1C51379F215A3C900079E404 /* ContactTableViewCell.xib */,
			);
			path = ContactCell;
			sourceTree = "<group>";
		};
		2B568FD294D4486D6F6B226D /* Frameworks */ = {
			isa = PBXGroup;
			children = (
				48B9F8D72158F03600E2F13C /* CloudKit.framework */,
				5C18A948B3B9C5EB7F7F5AF1 /* Pods_CloudKitTest.framework */,
			);
			name = Frameworks;
			sourceTree = "<group>";
		};
		48B9F8B42158DA8100E2F13C = {
			isa = PBXGroup;
			children = (
				48B9F8BF2158DA8100E2F13C /* CloudKitTest */,
				48B9F8BE2158DA8100E2F13C /* Products */,
				1A2706506967A5C145BCFBB6 /* Pods */,
				2B568FD294D4486D6F6B226D /* Frameworks */,
			);
			sourceTree = "<group>";
		};
		48B9F8BE2158DA8100E2F13C /* Products */ = {
			isa = PBXGroup;
			children = (
				48B9F8BD2158DA8100E2F13C /* CloudKitTest.app */,
			);
			name = Products;
			sourceTree = "<group>";
		};
		48B9F8BF2158DA8100E2F13C /* CloudKitTest */ = {
			isa = PBXGroup;
			children = (
				48B9F8D62158F03300E2F13C /* CloudKitTest.entitlements */,
				1C51379D215A3C740079E404 /* ContactCell */,
				48B9F8D22158DE7400E2F13C /* Result.swift */,
				48B9F8D42158E1CF00E2F13C /* Contact.swift */,
				48B9F8C22158DA8100E2F13C /* ViewController.swift */,
				1C51379B215A39B10079E404 /* PhoneContactsManager.swift */,
				48B9F8C02158DA8100E2F13C /* AppDelegate.swift */,
				48B9F8C42158DA8100E2F13C /* Main.storyboard */,
				48B9F8C92158DA8300E2F13C /* LaunchScreen.storyboard */,
				48B9F8CC2158DA8300E2F13C /* Info.plist */,
				48B9F8C72158DA8300E2F13C /* Assets.xcassets */,
			);
			path = CloudKitTest;
			sourceTree = "<group>";
		};
/* End PBXGroup section */

/* Begin PBXNativeTarget section */
		48B9F8BC2158DA8100E2F13C /* CloudKitTest */ = {
			isa = PBXNativeTarget;
			buildConfigurationList = 48B9F8CF2158DA8300E2F13C /* Build configuration list for PBXNativeTarget "CloudKitTest" */;
			buildPhases = (
				137B13F414164E1A6C5C5F0A /* [CP] Check Pods Manifest.lock */,
				48B9F8B92158DA8100E2F13C /* Sources */,
				48B9F8BA2158DA8100E2F13C /* Frameworks */,
				48B9F8BB2158DA8100E2F13C /* Resources */,
				680B919E8264063F654B63CD /* [CP] Embed Pods Frameworks */,
			);
			buildRules = (
			);
			dependencies = (
			);
			name = CloudKitTest;
			productName = CloudKitTest;
			productReference = 48B9F8BD2158DA8100E2F13C /* CloudKitTest.app */;
			productType = "com.apple.product-type.application";
		};
/* End PBXNativeTarget section */

/* Begin PBXProject section */
		48B9F8B52158DA8100E2F13C /* Project object */ = {
			isa = PBXProject;
			attributes = {
				LastSwiftUpdateCheck = 1010;
				LastUpgradeCheck = 1010;
				ORGANIZATIONNAME = SoftwareStation;
				TargetAttributes = {
					48B9F8BC2158DA8100E2F13C = {
						CreatedOnToolsVersion = 10.1;
						SystemCapabilities = {
							com.apple.Push = {
								enabled = 1;
							};
							com.apple.iCloud = {
								enabled = 1;
							};
						};
					};
				};
			};
			buildConfigurationList = 48B9F8B82158DA8100E2F13C /* Build configuration list for PBXProject "CloudKitTest" */;
			compatibilityVersion = "Xcode 9.3";
			developmentRegion = en;
			hasScannedForEncodings = 0;
			knownRegions = (
				en,
				Base,
			);
			mainGroup = 48B9F8B42158DA8100E2F13C;
			productRefGroup = 48B9F8BE2158DA8100E2F13C /* Products */;
			projectDirPath = "";
			projectRoot = "";
			targets = (
				48B9F8BC2158DA8100E2F13C /* CloudKitTest */,
			);
		};
/* End PBXProject section */

/* Begin PBXResourcesBuildPhase section */
		48B9F8BB2158DA8100E2F13C /* Resources */ = {
			isa = PBXResourcesBuildPhase;
			buildActionMask = 2147483647;
			files = (
				1C5137A1215A3C900079E404 /* ContactTableViewCell.xib in Resources */,
				48B9F8CB2158DA8300E2F13C /* LaunchScreen.storyboard in Resources */,
				48B9F8C82158DA8300E2F13C /* Assets.xcassets in Resources */,
				48B9F8C62158DA8100E2F13C /* Main.storyboard in Resources */,
			);
			runOnlyForDeploymentPostprocessing = 0;
		};
/* End PBXResourcesBuildPhase section */

/* Begin PBXShellScriptBuildPhase section */
		137B13F414164E1A6C5C5F0A /* [CP] Check Pods Manifest.lock */ = {
			isa = PBXShellScriptBuildPhase;
			buildActionMask = 2147483647;
			files = (
			);
			inputFileListPaths = (
			);
			inputPaths = (
				"${PODS_PODFILE_DIR_PATH}/Podfile.lock",
				"${PODS_ROOT}/Manifest.lock",
			);
			name = "[CP] Check Pods Manifest.lock";
			outputFileListPaths = (
			);
			outputPaths = (
				"$(DERIVED_FILE_DIR)/Pods-CloudKitTest-checkManifestLockResult.txt",
			);
			runOnlyForDeploymentPostprocessing = 0;
			shellPath = /bin/sh;
			shellScript = "diff \"${PODS_PODFILE_DIR_PATH}/Podfile.lock\" \"${PODS_ROOT}/Manifest.lock\" > /dev/null\nif [ $? != 0 ] ; then\n    # print error to STDERR\n    echo \"error: The sandbox is not in sync with the Podfile.lock. Run 'pod install' or update your CocoaPods installation.\" >&2\n    exit 1\nfi\n# This output is used by Xcode 'outputs' to avoid re-running this script phase.\necho \"SUCCESS\" > \"${SCRIPT_OUTPUT_FILE_0}\"\n";
			showEnvVarsInLog = 0;
		};
		680B919E8264063F654B63CD /* [CP] Embed Pods Frameworks */ = {
			isa = PBXShellScriptBuildPhase;
			buildActionMask = 2147483647;
			files = (
			);
			inputFileListPaths = (
			);
			inputPaths = (
				"${SRCROOT}/Pods/Target Support Files/Pods-CloudKitTest/Pods-CloudKitTest-frameworks.sh",
				"${BUILT_PRODUCTS_DIR}/PKHUD/PKHUD.framework",
			);
			name = "[CP] Embed Pods Frameworks";
			outputFileListPaths = (
			);
			outputPaths = (
				"${TARGET_BUILD_DIR}/${FRAMEWORKS_FOLDER_PATH}/PKHUD.framework",
			);
			runOnlyForDeploymentPostprocessing = 0;
			shellPath = /bin/sh;
			shellScript = "\"${SRCROOT}/Pods/Target Support Files/Pods-CloudKitTest/Pods-CloudKitTest-frameworks.sh\"\n";
			showEnvVarsInLog = 0;
		};
/* End PBXShellScriptBuildPhase section */

/* Begin PBXSourcesBuildPhase section */
		48B9F8B92158DA8100E2F13C /* Sources */ = {
			isa = PBXSourcesBuildPhase;
			buildActionMask = 2147483647;
			files = (
				1C5137A0215A3C900079E404 /* ContactTableViewCell.swift in Sources */,
				48B9F8D52158E1CF00E2F13C /* Contact.swift in Sources */,
				48B9F8D32158DE7400E2F13C /* Result.swift in Sources */,
				1C51379C215A39B10079E404 /* PhoneContactsManager.swift in Sources */,
				48B9F8C32158DA8100E2F13C /* ViewController.swift in Sources */,
				48B9F8C12158DA8100E2F13C /* AppDelegate.swift in Sources */,
			);
			runOnlyForDeploymentPostprocessing = 0;
		};
/* End PBXSourcesBuildPhase section */

/* Begin PBXVariantGroup section */
		48B9F8C42158DA8100E2F13C /* Main.storyboard */ = {
			isa = PBXVariantGroup;
			children = (
				48B9F8C52158DA8100E2F13C /* Base */,
			);
			name = Main.storyboard;
			sourceTree = "<group>";
		};
		48B9F8C92158DA8300E2F13C /* LaunchScreen.storyboard */ = {
			isa = PBXVariantGroup;
			children = (
				48B9F8CA2158DA8300E2F13C /* Base */,
			);
			name = LaunchScreen.storyboard;
			sourceTree = "<group>";
		};
/* End PBXVariantGroup section */

/* Begin XCBuildConfiguration section */
		48B9F8CD2158DA8300E2F13C /* Debug */ = {
			isa = XCBuildConfiguration;
			buildSettings = {
				ALWAYS_SEARCH_USER_PATHS = NO;
				CLANG_ANALYZER_NONNULL = YES;
				CLANG_ANALYZER_NUMBER_OBJECT_CONVERSION = YES_AGGRESSIVE;
				CLANG_CXX_LANGUAGE_STANDARD = "gnu++14";
				CLANG_CXX_LIBRARY = "libc++";
				CLANG_ENABLE_MODULES = YES;
				CLANG_ENABLE_OBJC_ARC = YES;
				CLANG_ENABLE_OBJC_WEAK = YES;
				CLANG_WARN_BLOCK_CAPTURE_AUTORELEASING = YES;
				CLANG_WARN_BOOL_CONVERSION = YES;
				CLANG_WARN_COMMA = YES;
				CLANG_WARN_CONSTANT_CONVERSION = YES;
				CLANG_WARN_DEPRECATED_OBJC_IMPLEMENTATIONS = YES;
				CLANG_WARN_DIRECT_OBJC_ISA_USAGE = YES_ERROR;
				CLANG_WARN_DOCUMENTATION_COMMENTS = YES;
				CLANG_WARN_EMPTY_BODY = YES;
				CLANG_WARN_ENUM_CONVERSION = YES;
				CLANG_WARN_INFINITE_RECURSION = YES;
				CLANG_WARN_INT_CONVERSION = YES;
				CLANG_WARN_NON_LITERAL_NULL_CONVERSION = YES;
				CLANG_WARN_OBJC_IMPLICIT_RETAIN_SELF = YES;
				CLANG_WARN_OBJC_LITERAL_CONVERSION = YES;
				CLANG_WARN_OBJC_ROOT_CLASS = YES_ERROR;
				CLANG_WARN_RANGE_LOOP_ANALYSIS = YES;
				CLANG_WARN_STRICT_PROTOTYPES = YES;
				CLANG_WARN_SUSPICIOUS_MOVE = YES;
				CLANG_WARN_UNGUARDED_AVAILABILITY = YES_AGGRESSIVE;
				CLANG_WARN_UNREACHABLE_CODE = YES;
				CLANG_WARN__DUPLICATE_METHOD_MATCH = YES;
				CODE_SIGN_IDENTITY = "iPhone Developer";
				COPY_PHASE_STRIP = NO;
				DEBUG_INFORMATION_FORMAT = dwarf;
				ENABLE_STRICT_OBJC_MSGSEND = YES;
				ENABLE_TESTABILITY = YES;
				GCC_C_LANGUAGE_STANDARD = gnu11;
				GCC_DYNAMIC_NO_PIC = NO;
				GCC_NO_COMMON_BLOCKS = YES;
				GCC_OPTIMIZATION_LEVEL = 0;
				GCC_PREPROCESSOR_DEFINITIONS = (
					"DEBUG=1",
					"$(inherited)",
				);
				GCC_WARN_64_TO_32_BIT_CONVERSION = YES;
				GCC_WARN_ABOUT_RETURN_TYPE = YES_ERROR;
				GCC_WARN_UNDECLARED_SELECTOR = YES;
				GCC_WARN_UNINITIALIZED_AUTOS = YES_AGGRESSIVE;
				GCC_WARN_UNUSED_FUNCTION = YES;
				GCC_WARN_UNUSED_VARIABLE = YES;
				IPHONEOS_DEPLOYMENT_TARGET = 12.1;
				MTL_ENABLE_DEBUG_INFO = INCLUDE_SOURCE;
				MTL_FAST_MATH = YES;
				ONLY_ACTIVE_ARCH = YES;
				SDKROOT = iphoneos;
				SWIFT_ACTIVE_COMPILATION_CONDITIONS = DEBUG;
				SWIFT_OPTIMIZATION_LEVEL = "-Onone";
			};
			name = Debug;
		};
		48B9F8CE2158DA8300E2F13C /* Release */ = {
			isa = XCBuildConfiguration;
			buildSettings = {
				ALWAYS_SEARCH_USER_PATHS = NO;
				CLANG_ANALYZER_NONNULL = YES;
				CLANG_ANALYZER_NUMBER_OBJECT_CONVERSION = YES_AGGRESSIVE;
				CLANG_CXX_LANGUAGE_STANDARD = "gnu++14";
				CLANG_CXX_LIBRARY = "libc++";
				CLANG_ENABLE_MODULES = YES;
				CLANG_ENABLE_OBJC_ARC = YES;
				CLANG_ENABLE_OBJC_WEAK = YES;
				CLANG_WARN_BLOCK_CAPTURE_AUTORELEASING = YES;
				CLANG_WARN_BOOL_CONVERSION = YES;
				CLANG_WARN_COMMA = YES;
				CLANG_WARN_CONSTANT_CONVERSION = YES;
				CLANG_WARN_DEPRECATED_OBJC_IMPLEMENTATIONS = YES;
				CLANG_WARN_DIRECT_OBJC_ISA_USAGE = YES_ERROR;
				CLANG_WARN_DOCUMENTATION_COMMENTS = YES;
				CLANG_WARN_EMPTY_BODY = YES;
				CLANG_WARN_ENUM_CONVERSION = YES;
				CLANG_WARN_INFINITE_RECURSION = YES;
				CLANG_WARN_INT_CONVERSION = YES;
				CLANG_WARN_NON_LITERAL_NULL_CONVERSION = YES;
				CLANG_WARN_OBJC_IMPLICIT_RETAIN_SELF = YES;
				CLANG_WARN_OBJC_LITERAL_CONVERSION = YES;
				CLANG_WARN_OBJC_ROOT_CLASS = YES_ERROR;
				CLANG_WARN_RANGE_LOOP_ANALYSIS = YES;
				CLANG_WARN_STRICT_PROTOTYPES = YES;
				CLANG_WARN_SUSPICIOUS_MOVE = YES;
				CLANG_WARN_UNGUARDED_AVAILABILITY = YES_AGGRESSIVE;
				CLANG_WARN_UNREACHABLE_CODE = YES;
				CLANG_WARN__DUPLICATE_METHOD_MATCH = YES;
				CODE_SIGN_IDENTITY = "iPhone Developer";
				COPY_PHASE_STRIP = NO;
				DEBUG_INFORMATION_FORMAT = "dwarf-with-dsym";
				ENABLE_NS_ASSERTIONS = NO;
				ENABLE_STRICT_OBJC_MSGSEND = YES;
				GCC_C_LANGUAGE_STANDARD = gnu11;
				GCC_NO_COMMON_BLOCKS = YES;
				GCC_WARN_64_TO_32_BIT_CONVERSION = YES;
				GCC_WARN_ABOUT_RETURN_TYPE = YES_ERROR;
				GCC_WARN_UNDECLARED_SELECTOR = YES;
				GCC_WARN_UNINITIALIZED_AUTOS = YES_AGGRESSIVE;
				GCC_WARN_UNUSED_FUNCTION = YES;
				GCC_WARN_UNUSED_VARIABLE = YES;
				IPHONEOS_DEPLOYMENT_TARGET = 12.1;
				MTL_ENABLE_DEBUG_INFO = NO;
				MTL_FAST_MATH = YES;
				SDKROOT = iphoneos;
				SWIFT_COMPILATION_MODE = wholemodule;
				SWIFT_OPTIMIZATION_LEVEL = "-O";
				VALIDATE_PRODUCT = YES;
			};
			name = Release;
		};
		48B9F8D02158DA8300E2F13C /* Debug */ = {
			isa = XCBuildConfiguration;
			baseConfigurationReference = 0AF1E37F9AADC0BC7F44E682 /* Pods-CloudKitTest.debug.xcconfig */;
			buildSettings = {
				ASSETCATALOG_COMPILER_APPICON_NAME = AppIcon;
				CODE_SIGN_ENTITLEMENTS = CloudKitTest/CloudKitTest.entitlements;
				CODE_SIGN_STYLE = Automatic;
				DEVELOPMENT_TEAM = MUC5826576;
				INFOPLIST_FILE = CloudKitTest/Info.plist;
				LD_RUNPATH_SEARCH_PATHS = (
					"$(inherited)",
					"@executable_path/Frameworks",
				);
				PRODUCT_BUNDLE_IDENTIFIER = SoftwareStation.CloudKitTest;
				PRODUCT_NAME = "$(TARGET_NAME)";
				SWIFT_VERSION = 4.2;
				TARGETED_DEVICE_FAMILY = "1,2";
			};
			name = Debug;
		};
		48B9F8D12158DA8300E2F13C /* Release */ = {
			isa = XCBuildConfiguration;
			baseConfigurationReference = C9DAAFDEA23EAD6559A9C185 /* Pods-CloudKitTest.release.xcconfig */;
			buildSettings = {
				ASSETCATALOG_COMPILER_APPICON_NAME = AppIcon;
				CODE_SIGN_ENTITLEMENTS = CloudKitTest/CloudKitTest.entitlements;
				CODE_SIGN_STYLE = Automatic;
				DEVELOPMENT_TEAM = MUC5826576;
				INFOPLIST_FILE = CloudKitTest/Info.plist;
				LD_RUNPATH_SEARCH_PATHS = (
					"$(inherited)",
					"@executable_path/Frameworks",
				);
				PRODUCT_BUNDLE_IDENTIFIER = SoftwareStation.CloudKitTest;
				PRODUCT_NAME = "$(TARGET_NAME)";
				SWIFT_VERSION = 4.2;
				TARGETED_DEVICE_FAMILY = "1,2";
			};
			name = Release;
		};
/* End XCBuildConfiguration section */

/* Begin XCConfigurationList section */
		48B9F8B82158DA8100E2F13C /* Build configuration list for PBXProject "CloudKitTest" */ = {
			isa = XCConfigurationList;
			buildConfigurations = (
				48B9F8CD2158DA8300E2F13C /* Debug */,
				48B9F8CE2158DA8300E2F13C /* Release */,
			);
			defaultConfigurationIsVisible = 0;
			defaultConfigurationName = Release;
		};
		48B9F8CF2158DA8300E2F13C /* Build configuration list for PBXNativeTarget "CloudKitTest" */ = {
			isa = XCConfigurationList;
			buildConfigurations = (
				48B9F8D02158DA8300E2F13C /* Debug */,
				48B9F8D12158DA8300E2F13C /* Release */,
			);
			defaultConfigurationIsVisible = 0;
			defaultConfigurationName = Release;
		};
/* End XCConfigurationList section */
	};
	rootObject = 48B9F8B52158DA8100E2F13C /* Project object */;
}
